
Microsoft Visual Studio Solution File, Format Version 12.00
# Visual Studio 15
VisualStudioVersion = 15.0.28307.572
MinimumVisualStudioVersion = 10.0.40219.1
Project("{8BC9CEB8-8B4A-11D0-8D11-00A0C91BC942}") = "randomdrawvs", "randomdrawvs.vcxproj", "{F66053B1-BBF1-4AF7-BCAB-064AA3898CEC}"
EndProject
Global
	GlobalSection(SolutionConfigurationPlatforms) = preSolution
		Debug|x64 = Debug|x64
		Debug|x86 = Debug|x86
		Release|x64 = Release|x64
		Release|x86 = Release|x86
	EndGlobalSection
	GlobalSection(ProjectConfigurationPlatforms) = postSolution
		{F66053B1-BBF1-4AF7-BCAB-064AA3898CEC}.Debug|x64.ActiveCfg = Debug|x64
		{F66053B1-BBF1-4AF7-BCAB-064AA3898CEC}.Debug|x64.Build.0 = Debug|x64
		{F66053B1-BBF1-4AF7-BCAB-064AA3898CEC}.Debug|x86.ActiveCfg = Debug|Win32
		{F66053B1-BBF1-4AF7-BCAB-064AA3898CEC}.Debug|x86.Build.0 = Debug|Win32
		{F66053B1-BBF1-4AF7-BCAB-064AA3898CEC}.Release|x64.ActiveCfg = Release|x64
		{F66053B1-BBF1-4AF7-BCAB-064AA3898CEC}.Release|x64.Build.0 = Release|x64
		{F66053B1-BBF1-4AF7-BCAB-064AA3898CEC}.Release|x86.ActiveCfg = Release|Win32
		{F66053B1-BBF1-4AF7-BCAB-064AA3898CEC}.Release|x86.Build.0 = Release|Win32
	EndGlobalSection
	GlobalSection(SolutionProperties) = preSolution
		HideSolutionNode = FALSE
	EndGlobalSection
	GlobalSection(ExtensibilityGlobals) = postSolution
		SolutionGuid = {17F9F6FA-18C9-4B41-BA71-1A72F1A4CE63}
	EndGlobalSection
EndGlobal
